
Microsoft Visual Studio Solution File, Format Version 12.00
Project("{FAE04EC0-301F-11D3-BF4B-00C04F79EFBC}") = "Bookish.ConsoleApp", "Bookish.ConsoleApp\Bookish.ConsoleApp.csproj", "{4DD7B338-F6E6-4E89-AED1-AD8169A653FF}"
EndProject
Project("{FAE04EC0-301F-11D3-BF4B-00C04F79EFBC}") = "Bookish.DataAccess", "Bookish.DataAccess\Bookish.DataAccess.csproj", "{C469B7D7-ED1B-496C-AC89-87E1145A6942}"
EndProject
Global
	GlobalSection(SolutionConfigurationPlatforms) = preSolution
		Debug|Any CPU = Debug|Any CPU
		Release|Any CPU = Release|Any CPU
	EndGlobalSection
	GlobalSection(ProjectConfigurationPlatforms) = postSolution
		{4DD7B338-F6E6-4E89-AED1-AD8169A653FF}.Debug|Any CPU.ActiveCfg = Debug|Any CPU
		{4DD7B338-F6E6-4E89-AED1-AD8169A653FF}.Debug|Any CPU.Build.0 = Debug|Any CPU
		{4DD7B338-F6E6-4E89-AED1-AD8169A653FF}.Release|Any CPU.ActiveCfg = Release|Any CPU
		{4DD7B338-F6E6-4E89-AED1-AD8169A653FF}.Release|Any CPU.Build.0 = Release|Any CPU
		{C469B7D7-ED1B-496C-AC89-87E1145A6942}.Debug|Any CPU.ActiveCfg = Debug|Any CPU
		{C469B7D7-ED1B-496C-AC89-87E1145A6942}.Debug|Any CPU.Build.0 = Debug|Any CPU
		{C469B7D7-ED1B-496C-AC89-87E1145A6942}.Release|Any CPU.ActiveCfg = Release|Any CPU
		{C469B7D7-ED1B-496C-AC89-87E1145A6942}.Release|Any CPU.Build.0 = Release|Any CPU
	EndGlobalSection
EndGlobal
